
Microsoft Visual Studio Solution File, Format Version 12.00
# Visual Studio Version 17
VisualStudioVersion = 17.0.31903.59
MinimumVisualStudioVersion = 10.0.40219.1
Project("{FAE04EC0-301F-11D3-BF4B-00C04F79EFBC}") = "gateway", "gateway\gateway.csproj", "{0348B8E0-DC89-4928-B879-362AE34A0544}"
EndProject
Project("{FAE04EC0-301F-11D3-BF4B-00C04F79EFBC}") = "file-storing", "file-storing\file-storing.csproj", "{E654524C-7B48-4F61-BCC5-F34E42B37F1F}"
EndProject
Project("{FAE04EC0-301F-11D3-BF4B-00C04F79EFBC}") = "file-analysis", "file-analysis\file-analysis.csproj", "{31038E94-9AF3-4FF2-AF54-CF453842E8C0}"
EndProject
Project("{2150E333-8FDC-42A3-9474-1A3956D46DE8}") = "Элементы решения", "Элементы решения", "{754FC069-D67B-A9D7-50A1-8D1CA196D8F1}"
	ProjectSection(SolutionItems) = preProject
		docker-compose.yml = docker-compose.yml
		postman_collection.json = postman_collection.json
	EndProjectSection
EndProject
Global
	GlobalSection(SolutionConfigurationPlatforms) = preSolution
		Debug|Any CPU = Debug|Any CPU
		Debug|x64 = Debug|x64
		Debug|x86 = Debug|x86
		Release|Any CPU = Release|Any CPU
		Release|x64 = Release|x64
		Release|x86 = Release|x86
	EndGlobalSection
	GlobalSection(ProjectConfigurationPlatforms) = postSolution
		{0348B8E0-DC89-4928-B879-362AE34A0544}.Debug|Any CPU.ActiveCfg = Debug|Any CPU
		{0348B8E0-DC89-4928-B879-362AE34A0544}.Debug|Any CPU.Build.0 = Debug|Any CPU
		{0348B8E0-DC89-4928-B879-362AE34A0544}.Debug|x64.ActiveCfg = Debug|Any CPU
		{0348B8E0-DC89-4928-B879-362AE34A0544}.Debug|x64.Build.0 = Debug|Any CPU
		{0348B8E0-DC89-4928-B879-362AE34A0544}.Debug|x86.ActiveCfg = Debug|Any CPU
		{0348B8E0-DC89-4928-B879-362AE34A0544}.Debug|x86.Build.0 = Debug|Any CPU
		{0348B8E0-DC89-4928-B879-362AE34A0544}.Release|Any CPU.ActiveCfg = Release|Any CPU
		{0348B8E0-DC89-4928-B879-362AE34A0544}.Release|Any CPU.Build.0 = Release|Any CPU
		{0348B8E0-DC89-4928-B879-362AE34A0544}.Release|x64.ActiveCfg = Release|Any CPU
		{0348B8E0-DC89-4928-B879-362AE34A0544}.Release|x64.Build.0 = Release|Any CPU
		{0348B8E0-DC89-4928-B879-362AE34A0544}.Release|x86.ActiveCfg = Release|Any CPU
		{0348B8E0-DC89-4928-B879-362AE34A0544}.Release|x86.Build.0 = Release|Any CPU
		{E654524C-7B48-4F61-BCC5-F34E42B37F1F}.Debug|Any CPU.ActiveCfg = Debug|Any CPU
		{E654524C-7B48-4F61-BCC5-F34E42B37F1F}.Debug|Any CPU.Build.0 = Debug|Any CPU
		{E654524C-7B48-4F61-BCC5-F34E42B37F1F}.Debug|x64.ActiveCfg = Debug|Any CPU
		{E654524C-7B48-4F61-BCC5-F34E42B37F1F}.Debug|x64.Build.0 = Debug|Any CPU
		{E654524C-7B48-4F61-BCC5-F34E42B37F1F}.Debug|x86.ActiveCfg = Debug|Any CPU
		{E654524C-7B48-4F61-BCC5-F34E42B37F1F}.Debug|x86.Build.0 = Debug|Any CPU
		{E654524C-7B48-4F61-BCC5-F34E42B37F1F}.Release|Any CPU.ActiveCfg = Release|Any CPU
		{E654524C-7B48-4F61-BCC5-F34E42B37F1F}.Release|Any CPU.Build.0 = Release|Any CPU
		{E654524C-7B48-4F61-BCC5-F34E42B37F1F}.Release|x64.ActiveCfg = Release|Any CPU
		{E654524C-7B48-4F61-BCC5-F34E42B37F1F}.Release|x64.Build.0 = Release|Any CPU
		{E654524C-7B48-4F61-BCC5-F34E42B37F1F}.Release|x86.ActiveCfg = Release|Any CPU
		{E654524C-7B48-4F61-BCC5-F34E42B37F1F}.Release|x86.Build.0 = Release|Any CPU
		{31038E94-9AF3-4FF2-AF54-CF453842E8C0}.Debug|Any CPU.ActiveCfg = Debug|Any CPU
		{31038E94-9AF3-4FF2-AF54-CF453842E8C0}.Debug|Any CPU.Build.0 = Debug|Any CPU
		{31038E94-9AF3-4FF2-AF54-CF453842E8C0}.Debug|x64.ActiveCfg = Debug|Any CPU
		{31038E94-9AF3-4FF2-AF54-CF453842E8C0}.Debug|x64.Build.0 = Debug|Any CPU
		{31038E94-9AF3-4FF2-AF54-CF453842E8C0}.Debug|x86.ActiveCfg = Debug|Any CPU
		{31038E94-9AF3-4FF2-AF54-CF453842E8C0}.Debug|x86.Build.0 = Debug|Any CPU
		{31038E94-9AF3-4FF2-AF54-CF453842E8C0}.Release|Any CPU.ActiveCfg = Release|Any CPU
		{31038E94-9AF3-4FF2-AF54-CF453842E8C0}.Release|Any CPU.Build.0 = Release|Any CPU
		{31038E94-9AF3-4FF2-AF54-CF453842E8C0}.Release|x64.ActiveCfg = Release|Any CPU
		{31038E94-9AF3-4FF2-AF54-CF453842E8C0}.Release|x64.Build.0 = Release|Any CPU
		{31038E94-9AF3-4FF2-AF54-CF453842E8C0}.Release|x86.ActiveCfg = Release|Any CPU
		{31038E94-9AF3-4FF2-AF54-CF453842E8C0}.Release|x86.Build.0 = Release|Any CPU
	EndGlobalSection
	GlobalSection(SolutionProperties) = preSolution
		HideSolutionNode = FALSE
	EndGlobalSection
	GlobalSection(ExtensibilityGlobals) = postSolution
		SolutionGuid = {601E3A50-5E4C-489E-8C3A-698406D2B461}
	EndGlobalSection
EndGlobal
